
Microsoft Visual Studio Solution File, Format Version 12.00
# Visual Studio Version 17
VisualStudioVersion = 17.5.002.0
MinimumVisualStudioVersion = 10.0.40219.1
Project("{9A19103F-16F7-4668-BE54-9A1E7A4F7556}") = "CarStockAPI", "CarStockAPI\CarStockAPI.csproj", "{7EC8F180-00CD-4811-A8A2-158688AD1AA8}"
EndProject
Global
	GlobalSection(SolutionConfigurationPlatforms) = preSolution
		Debug|Any CPU = Debug|Any CPU
		Release|Any CPU = Release|Any CPU
	EndGlobalSection
	GlobalSection(ProjectConfigurationPlatforms) = postSolution
		{7EC8F180-00CD-4811-A8A2-158688AD1AA8}.Debug|Any CPU.ActiveCfg = Debug|Any CPU
		{7EC8F180-00CD-4811-A8A2-158688AD1AA8}.Debug|Any CPU.Build.0 = Debug|Any CPU
		{7EC8F180-00CD-4811-A8A2-158688AD1AA8}.Release|Any CPU.ActiveCfg = Release|Any CPU
		{7EC8F180-00CD-4811-A8A2-158688AD1AA8}.Release|Any CPU.Build.0 = Release|Any CPU
	EndGlobalSection
	GlobalSection(SolutionProperties) = preSolution
		HideSolutionNode = FALSE
	EndGlobalSection
	GlobalSection(ExtensibilityGlobals) = postSolution
		SolutionGuid = {3AE0BDB0-DA37-4261-8DBB-3461C9831345}
	EndGlobalSection
EndGlobal
